
Microsoft Visual Studio Solution File, Format Version 12.00
# Visual Studio 2012
Project("{FAE04EC0-301F-11D3-BF4B-00C04F79EFBC}") = "CalculatorMvvM", "Empty\CalculatorMvvM.csproj", "{51E494E0-A454-4D4B-9983-F5370FB816F7}"
EndProject
Project("{FAE04EC0-301F-11D3-BF4B-00C04F79EFBC}") = "CalculatorMvvM.Droid", "Droid\CalculatorMvvM.Droid.csproj", "{19128390-1165-407D-A4F3-23E74C1ACE1F}"
EndProject
Project("{2150E333-8FDC-42A3-9474-1A3956D46DE8}") = "Solution Items", "Solution Items", "{770B4A46-F6E0-4B7D-8513-64ACC89479A6}"
	ProjectSection(SolutionItems) = preProject
		CalculatorMvvM.sln = CalculatorMvvM.sln
	EndProjectSection
EndProject
Project("{FAE04EC0-301F-11D3-BF4B-00C04F79EFBC}") = "CalculatorMvvM.Tests", "Tests\CalculatorMvvM.Tests.csproj", "{605B05FD-BCE7-4A91-B9A3-E54D5584EA7F}"
EndProject
Project("{FAE04EC0-301F-11D3-BF4B-00C04F79EFBC}") = "UITest", "UITest\UITest.csproj", "{FC4EF169-B85E-499B-8252-BB492A479A5B}"
EndProject
Global
	GlobalSection(SolutionConfigurationPlatforms) = preSolution
		Debug|Any CPU = Debug|Any CPU
		Release|Any CPU = Release|Any CPU
		Debug|iPhoneSimulator = Debug|iPhoneSimulator
		Release|iPhone = Release|iPhone
		Release|iPhoneSimulator = Release|iPhoneSimulator
		Debug|iPhone = Debug|iPhone
	EndGlobalSection
	GlobalSection(ProjectConfigurationPlatforms) = postSolution
		{19128390-1165-407D-A4F3-23E74C1ACE1F}.Debug|Any CPU.ActiveCfg = Debug|Any CPU
		{19128390-1165-407D-A4F3-23E74C1ACE1F}.Debug|Any CPU.Build.0 = Debug|Any CPU
		{19128390-1165-407D-A4F3-23E74C1ACE1F}.Debug|iPhone.ActiveCfg = Debug|Any CPU
		{19128390-1165-407D-A4F3-23E74C1ACE1F}.Debug|iPhone.Build.0 = Debug|Any CPU
		{19128390-1165-407D-A4F3-23E74C1ACE1F}.Debug|iPhoneSimulator.ActiveCfg = Debug|Any CPU
		{19128390-1165-407D-A4F3-23E74C1ACE1F}.Debug|iPhoneSimulator.Build.0 = Debug|Any CPU
		{19128390-1165-407D-A4F3-23E74C1ACE1F}.Release|Any CPU.ActiveCfg = Release|Any CPU
		{19128390-1165-407D-A4F3-23E74C1ACE1F}.Release|Any CPU.Build.0 = Release|Any CPU
		{19128390-1165-407D-A4F3-23E74C1ACE1F}.Release|iPhone.ActiveCfg = Release|Any CPU
		{19128390-1165-407D-A4F3-23E74C1ACE1F}.Release|iPhone.Build.0 = Release|Any CPU
		{19128390-1165-407D-A4F3-23E74C1ACE1F}.Release|iPhoneSimulator.ActiveCfg = Release|Any CPU
		{19128390-1165-407D-A4F3-23E74C1ACE1F}.Release|iPhoneSimulator.Build.0 = Release|Any CPU
		{51E494E0-A454-4D4B-9983-F5370FB816F7}.Debug|Any CPU.ActiveCfg = Debug|Any CPU
		{51E494E0-A454-4D4B-9983-F5370FB816F7}.Debug|Any CPU.Build.0 = Debug|Any CPU
		{51E494E0-A454-4D4B-9983-F5370FB816F7}.Debug|iPhone.ActiveCfg = Debug|Any CPU
		{51E494E0-A454-4D4B-9983-F5370FB816F7}.Debug|iPhone.Build.0 = Debug|Any CPU
		{51E494E0-A454-4D4B-9983-F5370FB816F7}.Debug|iPhoneSimulator.ActiveCfg = Debug|Any CPU
		{51E494E0-A454-4D4B-9983-F5370FB816F7}.Debug|iPhoneSimulator.Build.0 = Debug|Any CPU
		{51E494E0-A454-4D4B-9983-F5370FB816F7}.Release|Any CPU.ActiveCfg = Release|Any CPU
		{51E494E0-A454-4D4B-9983-F5370FB816F7}.Release|Any CPU.Build.0 = Release|Any CPU
		{51E494E0-A454-4D4B-9983-F5370FB816F7}.Release|iPhone.ActiveCfg = Release|Any CPU
		{51E494E0-A454-4D4B-9983-F5370FB816F7}.Release|iPhone.Build.0 = Release|Any CPU
		{51E494E0-A454-4D4B-9983-F5370FB816F7}.Release|iPhoneSimulator.ActiveCfg = Release|Any CPU
		{51E494E0-A454-4D4B-9983-F5370FB816F7}.Release|iPhoneSimulator.Build.0 = Release|Any CPU
		{605B05FD-BCE7-4A91-B9A3-E54D5584EA7F}.Debug|Any CPU.ActiveCfg = Debug|Any CPU
		{605B05FD-BCE7-4A91-B9A3-E54D5584EA7F}.Debug|Any CPU.Build.0 = Debug|Any CPU
		{605B05FD-BCE7-4A91-B9A3-E54D5584EA7F}.Debug|iPhone.ActiveCfg = Debug|Any CPU
		{605B05FD-BCE7-4A91-B9A3-E54D5584EA7F}.Debug|iPhone.Build.0 = Debug|Any CPU
		{605B05FD-BCE7-4A91-B9A3-E54D5584EA7F}.Debug|iPhoneSimulator.ActiveCfg = Debug|Any CPU
		{605B05FD-BCE7-4A91-B9A3-E54D5584EA7F}.Debug|iPhoneSimulator.Build.0 = Debug|Any CPU
		{605B05FD-BCE7-4A91-B9A3-E54D5584EA7F}.Release|Any CPU.ActiveCfg = Release|Any CPU
		{605B05FD-BCE7-4A91-B9A3-E54D5584EA7F}.Release|Any CPU.Build.0 = Release|Any CPU
		{605B05FD-BCE7-4A91-B9A3-E54D5584EA7F}.Release|iPhone.ActiveCfg = Release|Any CPU
		{605B05FD-BCE7-4A91-B9A3-E54D5584EA7F}.Release|iPhone.Build.0 = Release|Any CPU
		{605B05FD-BCE7-4A91-B9A3-E54D5584EA7F}.Release|iPhoneSimulator.ActiveCfg = Release|Any CPU
		{605B05FD-BCE7-4A91-B9A3-E54D5584EA7F}.Release|iPhoneSimulator.Build.0 = Release|Any CPU
		{FC4EF169-B85E-499B-8252-BB492A479A5B}.Debug|Any CPU.ActiveCfg = Debug|Any CPU
		{FC4EF169-B85E-499B-8252-BB492A479A5B}.Debug|Any CPU.Build.0 = Debug|Any CPU
		{FC4EF169-B85E-499B-8252-BB492A479A5B}.Debug|iPhone.ActiveCfg = Debug|Any CPU
		{FC4EF169-B85E-499B-8252-BB492A479A5B}.Debug|iPhone.Build.0 = Debug|Any CPU
		{FC4EF169-B85E-499B-8252-BB492A479A5B}.Debug|iPhoneSimulator.ActiveCfg = Debug|Any CPU
		{FC4EF169-B85E-499B-8252-BB492A479A5B}.Debug|iPhoneSimulator.Build.0 = Debug|Any CPU
		{FC4EF169-B85E-499B-8252-BB492A479A5B}.Release|Any CPU.ActiveCfg = Release|Any CPU
		{FC4EF169-B85E-499B-8252-BB492A479A5B}.Release|Any CPU.Build.0 = Release|Any CPU
		{FC4EF169-B85E-499B-8252-BB492A479A5B}.Release|iPhone.ActiveCfg = Release|Any CPU
		{FC4EF169-B85E-499B-8252-BB492A479A5B}.Release|iPhone.Build.0 = Release|Any CPU
		{FC4EF169-B85E-499B-8252-BB492A479A5B}.Release|iPhoneSimulator.ActiveCfg = Release|Any CPU
		{FC4EF169-B85E-499B-8252-BB492A479A5B}.Release|iPhoneSimulator.Build.0 = Release|Any CPU
	EndGlobalSection
	GlobalSection(NestedProjects) = preSolution
	EndGlobalSection
EndGlobal
